{
  "requires": true,
  "lockfileVersion": 1,
  "dependencies": {
    "@nestjs/passport": {
      "version": "8.0.1",
      "resolved": "https://registry.npmjs.org/@nestjs/passport/-/passport-8.0.1.tgz",
      "integrity": "sha512-vn/ZJLXQKvSf9D0BvEoNFJLfzl9AVqfGtDyQMfWDLbaNpoEB2FyeaHGxdiX6H71oLSrQV78c/yuhfantzwdjdg=="
    }
  }
}
